
Microsoft Visual Studio Solution File, Format Version 12.00
# Visual Studio Version 16
VisualStudioVersion = 16.0.30523.141
MinimumVisualStudioVersion = 10.0.40219.1
Project("{FAE04EC0-301F-11D3-BF4B-00C04F79EFBC}") = "1_TypyGeneryczne", "1_Typu-yGeneryczne\1_TypyGeneryczne.csproj", "{BA63B66E-88F2-4C5C-9184-C87FA292DA95}"
EndProject
Project("{FAE04EC0-301F-11D3-BF4B-00C04F79EFBC}") = "2_KolekcjeGeneryczne", "2_KolekcjeGeneryczne\2_KolekcjeGeneryczne.csproj", "{7E53F23F-87B4-47FB-94A7-4B9DCAD85478}"
EndProject
Global
	GlobalSection(SolutionConfigurationPlatforms) = preSolution
		Debug|Any CPU = Debug|Any CPU
		Release|Any CPU = Release|Any CPU
	EndGlobalSection
	GlobalSection(ProjectConfigurationPlatforms) = postSolution
		{BA63B66E-88F2-4C5C-9184-C87FA292DA95}.Debug|Any CPU.ActiveCfg = Debug|Any CPU
		{BA63B66E-88F2-4C5C-9184-C87FA292DA95}.Debug|Any CPU.Build.0 = Debug|Any CPU
		{BA63B66E-88F2-4C5C-9184-C87FA292DA95}.Release|Any CPU.ActiveCfg = Release|Any CPU
		{BA63B66E-88F2-4C5C-9184-C87FA292DA95}.Release|Any CPU.Build.0 = Release|Any CPU
		{7E53F23F-87B4-47FB-94A7-4B9DCAD85478}.Debug|Any CPU.ActiveCfg = Debug|Any CPU
		{7E53F23F-87B4-47FB-94A7-4B9DCAD85478}.Debug|Any CPU.Build.0 = Debug|Any CPU
		{7E53F23F-87B4-47FB-94A7-4B9DCAD85478}.Release|Any CPU.ActiveCfg = Release|Any CPU
		{7E53F23F-87B4-47FB-94A7-4B9DCAD85478}.Release|Any CPU.Build.0 = Release|Any CPU
	EndGlobalSection
	GlobalSection(SolutionProperties) = preSolution
		HideSolutionNode = FALSE
	EndGlobalSection
	GlobalSection(ExtensibilityGlobals) = postSolution
		SolutionGuid = {9A4B52AE-8259-4794-BC43-906421600E46}
	EndGlobalSection
EndGlobal
